
Microsoft Visual Studio Solution File, Format Version 12.00
# Visual Studio Version 16
VisualStudioVersion = 16.0.31424.327
MinimumVisualStudioVersion = 10.0.40219.1
Project("{9A19103F-16F7-4668-BE54-9A1E7A4F7556}") = "RealEstate.API", "RealEstate.API\RealEstate.API.csproj", "{3D9C8DC2-45BD-4DE2-9ECC-7AC4680BEE22}"
EndProject
Project("{9A19103F-16F7-4668-BE54-9A1E7A4F7556}") = "RealEstate.Core", "RealEstate.Core\RealEstate.Core.csproj", "{FE0FEE31-3021-42B5-ABCB-865FFDBA6F0F}"
EndProject
Project("{9A19103F-16F7-4668-BE54-9A1E7A4F7556}") = "RealEstate.UnitTests", "RealEstate.UnitTests\RealEstate.UnitTests.csproj", "{FD469171-EABC-4481-90E6-03B3331E749F}"
EndProject
Project("{E53339B2-1760-4266-BCC7-CA923CBCF16C}") = "docker-compose", "docker-compose.dcproj", "{1CA5B478-194B-4D66-A809-64B5F428E81B}"
EndProject
Global
	GlobalSection(SolutionConfigurationPlatforms) = preSolution
		Debug|Any CPU = Debug|Any CPU
		Release|Any CPU = Release|Any CPU
	EndGlobalSection
	GlobalSection(ProjectConfigurationPlatforms) = postSolution
		{3D9C8DC2-45BD-4DE2-9ECC-7AC4680BEE22}.Debug|Any CPU.ActiveCfg = Debug|Any CPU
		{3D9C8DC2-45BD-4DE2-9ECC-7AC4680BEE22}.Debug|Any CPU.Build.0 = Debug|Any CPU
		{3D9C8DC2-45BD-4DE2-9ECC-7AC4680BEE22}.Release|Any CPU.ActiveCfg = Release|Any CPU
		{3D9C8DC2-45BD-4DE2-9ECC-7AC4680BEE22}.Release|Any CPU.Build.0 = Release|Any CPU
		{FE0FEE31-3021-42B5-ABCB-865FFDBA6F0F}.Debug|Any CPU.ActiveCfg = Debug|Any CPU
		{FE0FEE31-3021-42B5-ABCB-865FFDBA6F0F}.Debug|Any CPU.Build.0 = Debug|Any CPU
		{FE0FEE31-3021-42B5-ABCB-865FFDBA6F0F}.Release|Any CPU.ActiveCfg = Release|Any CPU
		{FE0FEE31-3021-42B5-ABCB-865FFDBA6F0F}.Release|Any CPU.Build.0 = Release|Any CPU
		{FD469171-EABC-4481-90E6-03B3331E749F}.Debug|Any CPU.ActiveCfg = Debug|Any CPU
		{FD469171-EABC-4481-90E6-03B3331E749F}.Debug|Any CPU.Build.0 = Debug|Any CPU
		{FD469171-EABC-4481-90E6-03B3331E749F}.Release|Any CPU.ActiveCfg = Release|Any CPU
		{FD469171-EABC-4481-90E6-03B3331E749F}.Release|Any CPU.Build.0 = Release|Any CPU
		{1CA5B478-194B-4D66-A809-64B5F428E81B}.Debug|Any CPU.ActiveCfg = Debug|Any CPU
		{1CA5B478-194B-4D66-A809-64B5F428E81B}.Debug|Any CPU.Build.0 = Debug|Any CPU
		{1CA5B478-194B-4D66-A809-64B5F428E81B}.Release|Any CPU.ActiveCfg = Release|Any CPU
		{1CA5B478-194B-4D66-A809-64B5F428E81B}.Release|Any CPU.Build.0 = Release|Any CPU
	EndGlobalSection
	GlobalSection(SolutionProperties) = preSolution
		HideSolutionNode = FALSE
	EndGlobalSection
	GlobalSection(ExtensibilityGlobals) = postSolution
		SolutionGuid = {FDC20B8E-C9FC-4CFF-A5D4-B16CF9CD5FB2}
	EndGlobalSection
EndGlobal
